
Microsoft Visual Studio Solution File, Format Version 12.00
# Visual Studio 2013
VisualStudioVersion = 12.0.31101.0
MinimumVisualStudioVersion = 10.0.40219.1
Project("{2150E333-8FDC-42A3-9474-1A3956D46DE8}") = "Engine", "Engine", "{2ED36A0E-BCD6-4B5D-8494-74E32606BD05}"
EndProject
Project("{2150E333-8FDC-42A3-9474-1A3956D46DE8}") = "Games", "Games", "{F64038C9-DCB4-44EC-9ECA-12AA385FC561}"
EndProject
Project("{8BC9CEB8-8B4A-11D0-8D11-00A0C91BC942}") = "QuickStart", "Intermediate\ProjectFiles\QuickStart.vcxproj", "{6ECFD742-87EF-4199-BFE4-91ACF95C074C}"
EndProject
Project("{8BC9CEB8-8B4A-11D0-8D11-00A0C91BC942}") = "UE4", "Intermediate\ProjectFiles\UE4.vcxproj", "{B72E883B-239C-4C0E-A147-903B22637C36}"
EndProject
Global
	GlobalSection(SolutionConfigurationPlatforms) = preSolution
		DebugGame Editor|Win32 = DebugGame Editor|Win32
		DebugGame Editor|Win64 = DebugGame Editor|Win64
		DebugGame|Win32 = DebugGame|Win32
		DebugGame|Win64 = DebugGame|Win64
		Development Editor|Win32 = Development Editor|Win32
		Development Editor|Win64 = Development Editor|Win64
		Development|Win32 = Development|Win32
		Development|Win64 = Development|Win64
		Shipping|Win32 = Shipping|Win32
		Shipping|Win64 = Shipping|Win64
	EndGlobalSection
	GlobalSection(ProjectConfigurationPlatforms) = postSolution
		{6ECFD742-87EF-4199-BFE4-91ACF95C074C}.DebugGame Editor|Win32.ActiveCfg = DebugGame_Editor|Win32
		{6ECFD742-87EF-4199-BFE4-91ACF95C074C}.DebugGame Editor|Win32.Build.0 = DebugGame_Editor|Win32
		{6ECFD742-87EF-4199-BFE4-91ACF95C074C}.DebugGame Editor|Win64.ActiveCfg = DebugGame_Editor|x64
		{6ECFD742-87EF-4199-BFE4-91ACF95C074C}.DebugGame Editor|Win64.Build.0 = DebugGame_Editor|x64
		{6ECFD742-87EF-4199-BFE4-91ACF95C074C}.DebugGame|Win32.ActiveCfg = DebugGame_Game|Win32
		{6ECFD742-87EF-4199-BFE4-91ACF95C074C}.DebugGame|Win32.Build.0 = DebugGame_Game|Win32
		{6ECFD742-87EF-4199-BFE4-91ACF95C074C}.DebugGame|Win64.ActiveCfg = DebugGame_Game|x64
		{6ECFD742-87EF-4199-BFE4-91ACF95C074C}.DebugGame|Win64.Build.0 = DebugGame_Game|x64
		{6ECFD742-87EF-4199-BFE4-91ACF95C074C}.Development Editor|Win32.ActiveCfg = Development_Editor|Win32
		{6ECFD742-87EF-4199-BFE4-91ACF95C074C}.Development Editor|Win32.Build.0 = Development_Editor|Win32
		{6ECFD742-87EF-4199-BFE4-91ACF95C074C}.Development Editor|Win64.ActiveCfg = Development_Editor|x64
		{6ECFD742-87EF-4199-BFE4-91ACF95C074C}.Development Editor|Win64.Build.0 = Development_Editor|x64
		{6ECFD742-87EF-4199-BFE4-91ACF95C074C}.Development|Win32.ActiveCfg = Development_Game|Win32
		{6ECFD742-87EF-4199-BFE4-91ACF95C074C}.Development|Win32.Build.0 = Development_Game|Win32
		{6ECFD742-87EF-4199-BFE4-91ACF95C074C}.Development|Win64.ActiveCfg = Development_Game|x64
		{6ECFD742-87EF-4199-BFE4-91ACF95C074C}.Development|Win64.Build.0 = Development_Game|x64
		{6ECFD742-87EF-4199-BFE4-91ACF95C074C}.Shipping|Win32.ActiveCfg = Shipping_Game|Win32
		{6ECFD742-87EF-4199-BFE4-91ACF95C074C}.Shipping|Win32.Build.0 = Shipping_Game|Win32
		{6ECFD742-87EF-4199-BFE4-91ACF95C074C}.Shipping|Win64.ActiveCfg = Shipping_Game|x64
		{6ECFD742-87EF-4199-BFE4-91ACF95C074C}.Shipping|Win64.Build.0 = Shipping_Game|x64
		{B72E883B-239C-4C0E-A147-903B22637C36}.DebugGame Editor|Win32.ActiveCfg = BuiltWithUnrealBuildTool|Win32
		{B72E883B-239C-4C0E-A147-903B22637C36}.DebugGame Editor|Win32.Build.0 = BuiltWithUnrealBuildTool|Win32
		{B72E883B-239C-4C0E-A147-903B22637C36}.DebugGame Editor|Win64.ActiveCfg = BuiltWithUnrealBuildTool|Win32
		{B72E883B-239C-4C0E-A147-903B22637C36}.DebugGame|Win32.ActiveCfg = BuiltWithUnrealBuildTool|Win32
		{B72E883B-239C-4C0E-A147-903B22637C36}.DebugGame|Win32.Build.0 = BuiltWithUnrealBuildTool|Win32
		{B72E883B-239C-4C0E-A147-903B22637C36}.DebugGame|Win64.ActiveCfg = BuiltWithUnrealBuildTool|Win32
		{B72E883B-239C-4C0E-A147-903B22637C36}.Development Editor|Win32.ActiveCfg = BuiltWithUnrealBuildTool|Win32
		{B72E883B-239C-4C0E-A147-903B22637C36}.Development Editor|Win32.Build.0 = BuiltWithUnrealBuildTool|Win32
		{B72E883B-239C-4C0E-A147-903B22637C36}.Development Editor|Win64.ActiveCfg = BuiltWithUnrealBuildTool|Win32
		{B72E883B-239C-4C0E-A147-903B22637C36}.Development|Win32.ActiveCfg = BuiltWithUnrealBuildTool|Win32
		{B72E883B-239C-4C0E-A147-903B22637C36}.Development|Win32.Build.0 = BuiltWithUnrealBuildTool|Win32
		{B72E883B-239C-4C0E-A147-903B22637C36}.Development|Win64.ActiveCfg = BuiltWithUnrealBuildTool|Win32
		{B72E883B-239C-4C0E-A147-903B22637C36}.Shipping|Win32.ActiveCfg = BuiltWithUnrealBuildTool|Win32
		{B72E883B-239C-4C0E-A147-903B22637C36}.Shipping|Win32.Build.0 = BuiltWithUnrealBuildTool|Win32
		{B72E883B-239C-4C0E-A147-903B22637C36}.Shipping|Win64.ActiveCfg = BuiltWithUnrealBuildTool|Win32
	EndGlobalSection
	GlobalSection(SolutionProperties) = preSolution
		HideSolutionNode = FALSE
	EndGlobalSection
	GlobalSection(NestedProjects) = preSolution
		{6ECFD742-87EF-4199-BFE4-91ACF95C074C} = {F64038C9-DCB4-44EC-9ECA-12AA385FC561}
		{B72E883B-239C-4C0E-A147-903B22637C36} = {2ED36A0E-BCD6-4B5D-8494-74E32606BD05}
	EndGlobalSection
EndGlobal
